
Microsoft Visual Studio Solution File, Format Version 12.00
# Visual Studio Version 17
VisualStudioVersion = 17.8.34511.84
MinimumVisualStudioVersion = 10.0.40219.1
Project("{9A19103F-16F7-4668-BE54-9A1E7A4F7556}") = "MemberQfit.Services.API", "Member.Services.API\MemberQfit.Services.API.csproj", "{9E0C89CB-F32D-4C14-BA6B-B693BD8EEA19}"
EndProject
Project("{9A19103F-16F7-4668-BE54-9A1E7A4F7556}") = "Qfit.Service.AuthAPI", "Qfit.Service.AuthAPI\Qfit.Service.AuthAPI.csproj", "{BD542C08-7AE8-434D-B7AC-5EED58551ADC}"
EndProject
Project("{9A19103F-16F7-4668-BE54-9A1E7A4F7556}") = "MembershipQfit.Service.API", "Membership.Service.API\MembershipQfit.Service.API.csproj", "{AB4D3DA0-C5D4-4ACD-A966-11C33D646F13}"
EndProject
Global
	GlobalSection(SolutionConfigurationPlatforms) = preSolution
		Debug|Any CPU = Debug|Any CPU
		Release|Any CPU = Release|Any CPU
	EndGlobalSection
	GlobalSection(ProjectConfigurationPlatforms) = postSolution
		{9E0C89CB-F32D-4C14-BA6B-B693BD8EEA19}.Debug|Any CPU.ActiveCfg = Debug|Any CPU
		{9E0C89CB-F32D-4C14-BA6B-B693BD8EEA19}.Debug|Any CPU.Build.0 = Debug|Any CPU
		{9E0C89CB-F32D-4C14-BA6B-B693BD8EEA19}.Release|Any CPU.ActiveCfg = Release|Any CPU
		{9E0C89CB-F32D-4C14-BA6B-B693BD8EEA19}.Release|Any CPU.Build.0 = Release|Any CPU
		{BD542C08-7AE8-434D-B7AC-5EED58551ADC}.Debug|Any CPU.ActiveCfg = Debug|Any CPU
		{BD542C08-7AE8-434D-B7AC-5EED58551ADC}.Debug|Any CPU.Build.0 = Debug|Any CPU
		{BD542C08-7AE8-434D-B7AC-5EED58551ADC}.Release|Any CPU.ActiveCfg = Release|Any CPU
		{BD542C08-7AE8-434D-B7AC-5EED58551ADC}.Release|Any CPU.Build.0 = Release|Any CPU
		{AB4D3DA0-C5D4-4ACD-A966-11C33D646F13}.Debug|Any CPU.ActiveCfg = Debug|Any CPU
		{AB4D3DA0-C5D4-4ACD-A966-11C33D646F13}.Debug|Any CPU.Build.0 = Debug|Any CPU
		{AB4D3DA0-C5D4-4ACD-A966-11C33D646F13}.Release|Any CPU.ActiveCfg = Release|Any CPU
		{AB4D3DA0-C5D4-4ACD-A966-11C33D646F13}.Release|Any CPU.Build.0 = Release|Any CPU
	EndGlobalSection
	GlobalSection(SolutionProperties) = preSolution
		HideSolutionNode = FALSE
	EndGlobalSection
	GlobalSection(ExtensibilityGlobals) = postSolution
		SolutionGuid = {5D573477-686A-4BAB-B86B-00FC2F77A9F9}
	EndGlobalSection
EndGlobal
